uuid: d6695add-f624-43c9-9fc5-d3db487189d7
langcode: en
status: true
dependencies:
  content:
    - 'block_content:basic:1431b77c-5abe-46c5-96a7-c8931ff60343'
  module:
    - block_class
    - block_content
    - system
  theme:
    - capit
third_party_settings:
  block_class:
    classes: ''
id: homepage2ndblock
theme: capit
region: content
weight: -10
provider: null
plugin: 'block_content:1431b77c-5abe-46c5-96a7-c8931ff60343'
settings:
  id: 'block_content:1431b77c-5abe-46c5-96a7-c8931ff60343'
  label: 'Home page 2nd block'
  provider: block_content
  label_display: '0'
  status: true
  info: ''
  view_mode: full
visibility:
  request_path:
    id: request_path
    pages: "<front>\r\n"
    negate: false
    context_mapping: {  }
